
Microsoft Visual Studio Solution File, Format Version 12.00
# Visual Studio Version 16
VisualStudioVersion = 16.0.29215.179
MinimumVisualStudioVersion = 10.0.40219.1
Project("{FAE04EC0-301F-11D3-BF4B-00C04F79EFBC}") = "CSharpProj", "CSharpProj\CSharpProj.csproj", "{624930C6-A6E7-4509-840C-926936D3F603}"
EndProject
Global
	GlobalSection(SolutionConfigurationPlatforms) = preSolution
		Debug|Any CPU = Debug|Any CPU
		Release|Any CPU = Release|Any CPU
	EndGlobalSection
	GlobalSection(ProjectConfigurationPlatforms) = postSolution
		{624930C6-A6E7-4509-840C-926936D3F603}.Debug|Any CPU.ActiveCfg = Debug|Any CPU
		{624930C6-A6E7-4509-840C-926936D3F603}.Debug|Any CPU.Build.0 = Debug|Any CPU
		{624930C6-A6E7-4509-840C-926936D3F603}.Release|Any CPU.ActiveCfg = Release|Any CPU
		{624930C6-A6E7-4509-840C-926936D3F603}.Release|Any CPU.Build.0 = Release|Any CPU
	EndGlobalSection
	GlobalSection(SolutionProperties) = preSolution
		HideSolutionNode = FALSE
	EndGlobalSection
	GlobalSection(ExtensibilityGlobals) = postSolution
		SolutionGuid = {811C44A5-22E8-4C43-AC0F-193460F1D9F4}
	EndGlobalSection
EndGlobal
